
Microsoft Visual Studio Solution File, Format Version 12.00
# Visual Studio Version 17
VisualStudioVersion = 17.12.35527.113 d17.12
MinimumVisualStudioVersion = 10.0.40219.1
Project("{FAE04EC0-301F-11D3-BF4B-00C04F79EFBC}") = "DrovaTranditionChineseHelper", "DrovaTranditionChineseHelper\DrovaTranditionChineseHelper.csproj", "{DFF6128F-E9E4-4978-93E8-A755CC1724FB}"
EndProject
Global
	GlobalSection(SolutionConfigurationPlatforms) = preSolution
		Debug|Any CPU = Debug|Any CPU
		Release|Any CPU = Release|Any CPU
	EndGlobalSection
	GlobalSection(ProjectConfigurationPlatforms) = postSolution
		{DFF6128F-E9E4-4978-93E8-A755CC1724FB}.Debug|Any CPU.ActiveCfg = Debug|Any CPU
		{DFF6128F-E9E4-4978-93E8-A755CC1724FB}.Debug|Any CPU.Build.0 = Debug|Any CPU
		{DFF6128F-E9E4-4978-93E8-A755CC1724FB}.Release|Any CPU.ActiveCfg = Release|Any CPU
		{DFF6128F-E9E4-4978-93E8-A755CC1724FB}.Release|Any CPU.Build.0 = Release|Any CPU
	EndGlobalSection
	GlobalSection(SolutionProperties) = preSolution
		HideSolutionNode = FALSE
	EndGlobalSection
EndGlobal
